
Microsoft Visual Studio Solution File, Format Version 12.00
# Visual Studio Version 17
VisualStudioVersion = 17.0.31903.59
MinimumVisualStudioVersion = 10.0.40219.1
Project("{2150E333-8FDC-42A3-9474-1A3956D46DE8}") = "Latihan", "Latihan", "{1960A3D1-9E57-4ADB-A376-9866BC5964EC}"
EndProject
Project("{FAE04EC0-301F-11D3-BF4B-00C04F79EFBC}") = "Latihan-Delegate", "Latihan\Latihan-Delegate\Latihan-Delegate.csproj", "{07564EBE-0E59-4B15-9AA4-0B254C3B6CFF}"
EndProject
Project("{FAE04EC0-301F-11D3-BF4B-00C04F79EFBC}") = "Latihan-FooBar", "Latihan\Latihan-FooBar\Latihan-FooBar.csproj", "{B908BE13-B570-4F53-82A5-298A60BE482F}"
EndProject
Global
	GlobalSection(SolutionConfigurationPlatforms) = preSolution
		Debug|Any CPU = Debug|Any CPU
		Release|Any CPU = Release|Any CPU
	EndGlobalSection
	GlobalSection(SolutionProperties) = preSolution
		HideSolutionNode = FALSE
	EndGlobalSection
	GlobalSection(ProjectConfigurationPlatforms) = postSolution
		{07564EBE-0E59-4B15-9AA4-0B254C3B6CFF}.Debug|Any CPU.ActiveCfg = Debug|Any CPU
		{07564EBE-0E59-4B15-9AA4-0B254C3B6CFF}.Debug|Any CPU.Build.0 = Debug|Any CPU
		{07564EBE-0E59-4B15-9AA4-0B254C3B6CFF}.Release|Any CPU.ActiveCfg = Release|Any CPU
		{07564EBE-0E59-4B15-9AA4-0B254C3B6CFF}.Release|Any CPU.Build.0 = Release|Any CPU
		{B908BE13-B570-4F53-82A5-298A60BE482F}.Debug|Any CPU.ActiveCfg = Debug|Any CPU
		{B908BE13-B570-4F53-82A5-298A60BE482F}.Debug|Any CPU.Build.0 = Debug|Any CPU
		{B908BE13-B570-4F53-82A5-298A60BE482F}.Release|Any CPU.ActiveCfg = Release|Any CPU
		{B908BE13-B570-4F53-82A5-298A60BE482F}.Release|Any CPU.Build.0 = Release|Any CPU
	EndGlobalSection
	GlobalSection(NestedProjects) = preSolution
		{07564EBE-0E59-4B15-9AA4-0B254C3B6CFF} = {1960A3D1-9E57-4ADB-A376-9866BC5964EC}
		{B908BE13-B570-4F53-82A5-298A60BE482F} = {1960A3D1-9E57-4ADB-A376-9866BC5964EC}
	EndGlobalSection
EndGlobal
