
Microsoft Visual Studio Solution File, Format Version 12.00
# Visual Studio Version 17
VisualStudioVersion = 17.0.31903.59
MinimumVisualStudioVersion = 10.0.40219.1
Project("{2150E333-8FDC-42A3-9474-1A3956D46DE8}") = "Latihan", "Latihan", "{1960A3D1-9E57-4ADB-A376-9866BC5964EC}"
	ProjectSection(SolutionItems) = preProject
	EndProjectSection
EndProject
Project("{FAE04EC0-301F-11D3-BF4B-00C04F79EFBC}") = "Latihan-Delegate", "Latihan\Latihan-Delegate\Latihan-Delegate.csproj", "{07564EBE-0E59-4B15-9AA4-0B254C3B6CFF}"
EndProject
Project("{FAE04EC0-301F-11D3-BF4B-00C04F79EFBC}") = "Latihan-FooBar", "Latihan\Latihan-FooBar\Latihan-FooBar.csproj", "{B908BE13-B570-4F53-82A5-298A60BE482F}"
EndProject
Project("{2150E333-8FDC-42A3-9474-1A3956D46DE8}") = "Week 3", "Week 3", "{61A3F35C-3585-4F72-A564-3D61810504B7}"
EndProject
Project("{2150E333-8FDC-42A3-9474-1A3956D46DE8}") = "Day12", "Day12", "{D7273DA3-3AE5-4349-99E8-188B156ADC26}"
EndProject
Project("{FAE04EC0-301F-11D3-BF4B-00C04F79EFBC}") = "Project62-Queue", "Week 3\Day12\Project62-Queue\Project62-Queue.csproj", "{DE3ABE42-8E54-4CAF-9CFC-6181ABFC4BED}"
EndProject
Project("{2150E333-8FDC-42A3-9474-1A3956D46DE8}") = "Week 5", "Week 5", "{0934F9C2-FA58-42D9-AB92-58C1DCFEE1C9}"
EndProject
Project("{2150E333-8FDC-42A3-9474-1A3956D46DE8}") = "Day22", "Day22", "{DFE2419B-D260-4473-A294-8465A813E470}"
EndProject
Project("{FAE04EC0-301F-11D3-BF4B-00C04F79EFBC}") = "Project71-Debugger", "Week 5\Day22\Project71-Debugger\Project71-Debugger.csproj", "{F4209E65-CBD1-4058-932A-D4871D8D931F}"
EndProject
Project("{2150E333-8FDC-42A3-9474-1A3956D46DE8}") = "Day23", "Day23", "{4681EBB6-2709-43E6-9D4F-5C794EA0235A}"
EndProject
Project("{FAE04EC0-301F-11D3-BF4B-00C04F79EFBC}") = "Project73-Debug&Trace1", "Week 5\Day23\Project73-Debug&Trace1\Project73-Debug&Trace1.csproj", "{34D244D8-EEF2-4FE4-A058-A0835602CB09}"
EndProject
Project("{FAE04EC0-301F-11D3-BF4B-00C04F79EFBC}") = "Project73-Debug&Trace2", "Week 5\Day23\Project73-Debug&Trace2\Project73-Debug&Trace2.csproj", "{DEF482DF-9234-4F72-8CE1-0B224765E6EA}"
EndProject
Project("{2150E333-8FDC-42A3-9474-1A3956D46DE8}") = "Week 6", "Week 6", "{0D6E9CCD-8C57-4CD4-B3BD-743CE6991485}"
EndProject
Project("{2150E333-8FDC-42A3-9474-1A3956D46DE8}") = "Day27", "Day27", "{40AC9469-ABDB-4506-B419-E57BF64EE142}"
EndProject
Project("{FAE04EC0-301F-11D3-BF4B-00C04F79EFBC}") = "DataContract", "Week 6\Day27\DataContract\DataContract.csproj", "{49D91689-860D-4F8F-88F0-4DF85879831E}"
EndProject
Global
	GlobalSection(SolutionConfigurationPlatforms) = preSolution
		Debug|Any CPU = Debug|Any CPU
		Release|Any CPU = Release|Any CPU
	EndGlobalSection
	GlobalSection(SolutionProperties) = preSolution
		HideSolutionNode = FALSE
	EndGlobalSection
	GlobalSection(ProjectConfigurationPlatforms) = postSolution
		{07564EBE-0E59-4B15-9AA4-0B254C3B6CFF}.Debug|Any CPU.ActiveCfg = Debug|Any CPU
		{07564EBE-0E59-4B15-9AA4-0B254C3B6CFF}.Debug|Any CPU.Build.0 = Debug|Any CPU
		{07564EBE-0E59-4B15-9AA4-0B254C3B6CFF}.Release|Any CPU.ActiveCfg = Release|Any CPU
		{07564EBE-0E59-4B15-9AA4-0B254C3B6CFF}.Release|Any CPU.Build.0 = Release|Any CPU
		{B908BE13-B570-4F53-82A5-298A60BE482F}.Debug|Any CPU.ActiveCfg = Debug|Any CPU
		{B908BE13-B570-4F53-82A5-298A60BE482F}.Debug|Any CPU.Build.0 = Debug|Any CPU
		{B908BE13-B570-4F53-82A5-298A60BE482F}.Release|Any CPU.ActiveCfg = Release|Any CPU
		{B908BE13-B570-4F53-82A5-298A60BE482F}.Release|Any CPU.Build.0 = Release|Any CPU
		{DE3ABE42-8E54-4CAF-9CFC-6181ABFC4BED}.Debug|Any CPU.ActiveCfg = Debug|Any CPU
		{DE3ABE42-8E54-4CAF-9CFC-6181ABFC4BED}.Debug|Any CPU.Build.0 = Debug|Any CPU
		{DE3ABE42-8E54-4CAF-9CFC-6181ABFC4BED}.Release|Any CPU.ActiveCfg = Release|Any CPU
		{DE3ABE42-8E54-4CAF-9CFC-6181ABFC4BED}.Release|Any CPU.Build.0 = Release|Any CPU
		{F4209E65-CBD1-4058-932A-D4871D8D931F}.Debug|Any CPU.ActiveCfg = Debug|Any CPU
		{F4209E65-CBD1-4058-932A-D4871D8D931F}.Debug|Any CPU.Build.0 = Debug|Any CPU
		{F4209E65-CBD1-4058-932A-D4871D8D931F}.Release|Any CPU.ActiveCfg = Release|Any CPU
		{F4209E65-CBD1-4058-932A-D4871D8D931F}.Release|Any CPU.Build.0 = Release|Any CPU
		{34D244D8-EEF2-4FE4-A058-A0835602CB09}.Debug|Any CPU.ActiveCfg = Debug|Any CPU
		{34D244D8-EEF2-4FE4-A058-A0835602CB09}.Debug|Any CPU.Build.0 = Debug|Any CPU
		{34D244D8-EEF2-4FE4-A058-A0835602CB09}.Release|Any CPU.ActiveCfg = Release|Any CPU
		{34D244D8-EEF2-4FE4-A058-A0835602CB09}.Release|Any CPU.Build.0 = Release|Any CPU
		{DEF482DF-9234-4F72-8CE1-0B224765E6EA}.Debug|Any CPU.ActiveCfg = Debug|Any CPU
		{DEF482DF-9234-4F72-8CE1-0B224765E6EA}.Debug|Any CPU.Build.0 = Debug|Any CPU
		{DEF482DF-9234-4F72-8CE1-0B224765E6EA}.Release|Any CPU.ActiveCfg = Release|Any CPU
		{DEF482DF-9234-4F72-8CE1-0B224765E6EA}.Release|Any CPU.Build.0 = Release|Any CPU
		{49D91689-860D-4F8F-88F0-4DF85879831E}.Debug|Any CPU.ActiveCfg = Debug|Any CPU
		{49D91689-860D-4F8F-88F0-4DF85879831E}.Debug|Any CPU.Build.0 = Debug|Any CPU
		{49D91689-860D-4F8F-88F0-4DF85879831E}.Release|Any CPU.ActiveCfg = Release|Any CPU
		{49D91689-860D-4F8F-88F0-4DF85879831E}.Release|Any CPU.Build.0 = Release|Any CPU
	EndGlobalSection
	GlobalSection(NestedProjects) = preSolution
		{07564EBE-0E59-4B15-9AA4-0B254C3B6CFF} = {1960A3D1-9E57-4ADB-A376-9866BC5964EC}
		{B908BE13-B570-4F53-82A5-298A60BE482F} = {1960A3D1-9E57-4ADB-A376-9866BC5964EC}
		{D7273DA3-3AE5-4349-99E8-188B156ADC26} = {61A3F35C-3585-4F72-A564-3D61810504B7}
		{DE3ABE42-8E54-4CAF-9CFC-6181ABFC4BED} = {D7273DA3-3AE5-4349-99E8-188B156ADC26}
		{DFE2419B-D260-4473-A294-8465A813E470} = {0934F9C2-FA58-42D9-AB92-58C1DCFEE1C9}
		{F4209E65-CBD1-4058-932A-D4871D8D931F} = {DFE2419B-D260-4473-A294-8465A813E470}
		{4681EBB6-2709-43E6-9D4F-5C794EA0235A} = {0934F9C2-FA58-42D9-AB92-58C1DCFEE1C9}
		{34D244D8-EEF2-4FE4-A058-A0835602CB09} = {4681EBB6-2709-43E6-9D4F-5C794EA0235A}
		{DEF482DF-9234-4F72-8CE1-0B224765E6EA} = {4681EBB6-2709-43E6-9D4F-5C794EA0235A}
		{40AC9469-ABDB-4506-B419-E57BF64EE142} = {0D6E9CCD-8C57-4CD4-B3BD-743CE6991485}
		{49D91689-860D-4F8F-88F0-4DF85879831E} = {40AC9469-ABDB-4506-B419-E57BF64EE142}
	EndGlobalSection
EndGlobal
